<?xml version="1.0" encoding="utf-8"?>
<Project ToolsVersion="4.0" xmlns="http://schemas.microsoft.com/developer/msbuild/2003">
  <ItemGroup>
    <Filter Include="Source Files">
      <UniqueIdentifier>{350aefa9-e443-4506-90d8-786114b07d6f}</UniqueIdentifier>
      <Extensions>cpp;c;cxx;rc;def;r;odl;idl;hpj;bat</Extensions>
    </Filter>
    <Filter Include="Header Files">
      <UniqueIdentifier>{cca345f8-a57a-4fc6-b156-0163e6035eda}</UniqueIdentifier>
      <Extensions>h;hpp;hxx;hm;inl</Extensions>
    </Filter>
    <Filter Include="Resource Files">
      <UniqueIdentifier>{26d0af85-9063-49dd-894c-305c23d4a6d8}</UniqueIdentifier>
      <Extensions>ico;cur;bmp;dlg;rc2;rct;bin;rgs;gif;jpg;jpeg;jpe</Extensions>
    </Filter>
    <Filter Include="Header Files\TDDP">
      <UniqueIdentifier>{8775302d-4aca-422e-997b-8f11736ca20c}</UniqueIdentifier>
    </Filter>
    <Filter Include="Source Files\TDDP">
      <UniqueIdentifier>{f222f654-4118-420c-923a-c3d37b926ed6}</UniqueIdentifier>
    </Filter>
  </ItemGroup>
  <ItemGroup>
    <ClCompile Include="ADOConn.cpp">
      <Filter>Source Files</Filter>
    </ClCompile>
    <ClCompile Include="SNScan.cpp">
      <Filter>Source Files</Filter>
    </ClCompile>
    <ClCompile Include="StdAfx.cpp">
      <Filter>Source Files</Filter>
    </ClCompile>
    <ClCompile Include="throughputTest.cpp">
      <Filter>Source Files</Filter>
    </ClCompile>
    <ClCompile Include="TDDP\tddp.cpp">
      <Filter>Source Files\TDDP</Filter>
    </ClCompile>
    <ClCompile Include="testItems.cpp">
      <Filter>Source Files</Filter>
    </ClCompile>
    <ClCompile Include="configure.cpp">
      <Filter>Source Files</Filter>
    </ClCompile>
    <ClCompile Include="tddpDeviceInfo.cpp">
      <Filter>Source Files</Filter>
    </ClCompile>
    <ClCompile Include="device.cpp">
      <Filter>Source Files</Filter>
    </ClCompile>
    <ClCompile Include="diagDeviceInfo.cpp">
      <Filter>Source Files</Filter>
    </ClCompile>
    <ClCompile Include="CMyDlg.cpp">
      <Filter>Source Files</Filter>
    </ClCompile>
    <ClCompile Include="httpDeviceInfo.cpp">
      <Filter>Source Files</Filter>
    </ClCompile>
    <ClCompile Include="PassDlg.cpp">
      <Filter>Source Files</Filter>
    </ClCompile>
    <ClCompile Include="WirelessTest.cpp">
      <Filter>Source Files</Filter>
    </ClCompile>
    <ClCompile Include="WirelessTestDlg.cpp">
      <Filter>Source Files</Filter>
    </ClCompile>
    <ClCompile Include="YCodec.cpp">
      <Filter>Source Files</Filter>
    </ClCompile>
    <ClCompile Include="md5.cpp">
      <Filter>Source Files</Filter>
    </ClCompile>
    <ClCompile Include="TPWearableDeviceInfo.cpp">
      <Filter>Source Files</Filter>
    </ClCompile>
    <ClCompile Include="XMLConfig.cpp">
      <Filter>Source Files</Filter>
    </ClCompile>
  </ItemGroup>
  <ItemGroup>
    <ClInclude Include="ADOConn.h">
      <Filter>Header Files</Filter>
    </ClInclude>
    <ClInclude Include="chrapi.h">
      <Filter>Header Files</Filter>
    </ClInclude>
    <ClInclude Include="configure.h">
      <Filter>Header Files</Filter>
    </ClInclude>
    <ClInclude Include="Resource.h">
      <Filter>Header Files</Filter>
    </ClInclude>
    <ClInclude Include="SNScan.h">
      <Filter>Header Files</Filter>
    </ClInclude>
    <ClInclude Include="StdAfx.h">
      <Filter>Header Files</Filter>
    </ClInclude>
    <ClInclude Include="ThroughputTest.h">
      <Filter>Header Files</Filter>
    </ClInclude>
    <ClInclude Include="voip_defs.h">
      <Filter>Header Files</Filter>
    </ClInclude>
    <ClInclude Include="TDDP\crypto_min_inc.h">
      <Filter>Header Files\TDDP</Filter>
    </ClInclude>
    <ClInclude Include="TDDP\des_min_enc.h">
      <Filter>Header Files\TDDP</Filter>
    </ClInclude>
    <ClInclude Include="TDDP\des_min_inc.h">
      <Filter>Header Files\TDDP</Filter>
    </ClInclude>
    <ClInclude Include="TDDP\md5_min_inc.h">
      <Filter>Header Files\TDDP</Filter>
    </ClInclude>
    <ClInclude Include="TDDP\md5_min_locl.h">
      <Filter>Header Files\TDDP</Filter>
    </ClInclude>
    <ClInclude Include="TDDP\md32_min_common.h">
      <Filter>Header Files\TDDP</Filter>
    </ClInclude>
    <ClInclude Include="TDDP\tddp.h">
      <Filter>Header Files\TDDP</Filter>
    </ClInclude>
    <ClInclude Include="httpDeviceInfo.h">
      <Filter>Header Files</Filter>
    </ClInclude>
    <ClInclude Include="sqlite3.h">
      <Filter>Header Files</Filter>
    </ClInclude>
    <ClInclude Include="fmifs.h">
      <Filter>Header Files</Filter>
    </ClInclude>
    <ClInclude Include="icmp.h">
      <Filter>Header Files</Filter>
    </ClInclude>
    <ClInclude Include="testItems.h">
      <Filter>Header Files</Filter>
    </ClInclude>
    <ClInclude Include="device.h">
      <Filter>Header Files</Filter>
    </ClInclude>
    <ClInclude Include="diagDeviceInfo.h">
      <Filter>Header Files</Filter>
    </ClInclude>
    <ClInclude Include="tddpDeviceInfo.h">
      <Filter>Header Files</Filter>
    </ClInclude>
    <ClInclude Include="PassDlg.h">
      <Filter>Header Files</Filter>
    </ClInclude>
    <ClInclude Include="WirelessTest.h">
      <Filter>Header Files</Filter>
    </ClInclude>
    <ClInclude Include="WirelessTestDlg.h">
      <Filter>Header Files</Filter>
    </ClInclude>
    <ClInclude Include="YCodec.h">
      <Filter>Header Files</Filter>
    </ClInclude>
    <ClInclude Include="md5.h">
      <Filter>Header Files</Filter>
    </ClInclude>
    <ClInclude Include="TPWearableDeviceInfo.h">
      <Filter>Header Files</Filter>
    </ClInclude>
    <ClInclude Include="XMLConfig.h">
      <Filter>Header Files</Filter>
    </ClInclude>
  </ItemGroup>
  <ItemGroup>
    <CustomBuild Include="res\1.bmp">
      <Filter>Resource Files</Filter>
    </CustomBuild>
    <CustomBuild Include="res\201.ico">
      <Filter>Resource Files</Filter>
    </CustomBuild>
    <CustomBuild Include="res\Counter-Strike Source.ico">
      <Filter>Resource Files</Filter>
    </CustomBuild>
    <CustomBuild Include="res\logo2.bmp">
      <Filter>Resource Files</Filter>
    </CustomBuild>
    <CustomBuild Include="ReadMe.txt" />
    <CustomBuild Include="res\WirelessTest.ico">
      <Filter>Resource Files</Filter>
    </CustomBuild>
    <CustomBuild Include="res\WirelessTest.rc2">
      <Filter>Resource Files</Filter>
    </CustomBuild>
    <CustomBuild Include="res\tp_project_team_logo.bmp">
      <Filter>Resource Files</Filter>
    </CustomBuild>
  </ItemGroup>
  <ItemGroup>
    <None Include="res\mobile_logo.bmp">
      <Filter>Resource Files</Filter>
    </None>
    <None Include="ClassDiagram1.cd" />
    <None Include="res\pass.bmp">
      <Filter>Resource Files</Filter>
    </None>
    <None Include="res\bitmap4.bmp">
      <Filter>Resource Files</Filter>
    </None>
    <None Include="res\fail.bmp">
      <Filter>Resource Files</Filter>
    </None>
    <None Include="ClassDiagram2.cd" />
    <None Include="ClassDiagram3.cd" />
    <None Include="WSDataTrans.dll" />
  </ItemGroup>
  <ItemGroup>
    <ResourceCompile Include="WirelessTest.rc">
      <Filter>Source Files</Filter>
    </ResourceCompile>
  </ItemGroup>
</Project>